
Microsoft Visual Studio Solution File, Format Version 12.00
# Visual Studio Version 16
VisualStudioVersion = 16.0.31624.102
MinimumVisualStudioVersion = 10.0.40219.1
Project("{FAE04EC0-301F-11D3-BF4B-00C04F79EFBC}") = "BackEndPrueba", "BackEndPrueba\BackEndPrueba.csproj", "{34512D35-C769-42F4-980C-32D6D710A0BC}"
EndProject
Global
	GlobalSection(SolutionConfigurationPlatforms) = preSolution
		Debug|Any CPU = Debug|Any CPU
		Release|Any CPU = Release|Any CPU
	EndGlobalSection
	GlobalSection(ProjectConfigurationPlatforms) = postSolution
		{34512D35-C769-42F4-980C-32D6D710A0BC}.Debug|Any CPU.ActiveCfg = Debug|Any CPU
		{34512D35-C769-42F4-980C-32D6D710A0BC}.Debug|Any CPU.Build.0 = Debug|Any CPU
		{34512D35-C769-42F4-980C-32D6D710A0BC}.Release|Any CPU.ActiveCfg = Release|Any CPU
		{34512D35-C769-42F4-980C-32D6D710A0BC}.Release|Any CPU.Build.0 = Release|Any CPU
	EndGlobalSection
	GlobalSection(SolutionProperties) = preSolution
		HideSolutionNode = FALSE
	EndGlobalSection
	GlobalSection(ExtensibilityGlobals) = postSolution
		SolutionGuid = {0F03194E-FE5B-4592-88C3-CE6BFACFE23A}
	EndGlobalSection
EndGlobal
